
Microsoft Visual Studio Solution File, Format Version 12.00
# Visual Studio 14
VisualStudioVersion = 14.0.25420.1
MinimumVisualStudioVersion = 10.0.40219.1
Project("{D954291E-2A0B-460D-934E-DC6B0785DB48}") = "folklorecrisisgame1", "folklorecrisisgame1.shproj", "{5113252C-3360-419D-A03E-6CCD06003289}"
EndProject
Global
	GlobalSection(SharedMSBuildProjectFiles) = preSolution
		folklorecrisisgame1.projitems*{5113252c-3360-419d-a03e-6ccd06003289}*SharedItemsImports = 13
	EndGlobalSection
	GlobalSection(SolutionProperties) = preSolution
		HideSolutionNode = FALSE
	EndGlobalSection
EndGlobal
